
Microsoft Visual Studio Solution File, Format Version 12.00
# Visual Studio 15
VisualStudioVersion = 15.0.28010.2036
MinimumVisualStudioVersion = 10.0.40219.1
Project("{9A19103F-16F7-4668-BE54-9A1E7A4F7556}") = "fizzbuzztree", "fizzbuzztree\fizzbuzztree.csproj", "{7EBAFB2D-5344-41CB-B921-78CC22FA6544}"
EndProject
Project("{FAE04EC0-301F-11D3-BF4B-00C04F79EFBC}") = "testfizzbuzztree", "testfizzbuzztree\testfizzbuzztree.csproj", "{7CB2689A-9E7F-4481-B108-F2D772646A3A}"
EndProject
Global
	GlobalSection(SolutionConfigurationPlatforms) = preSolution
		Debug|Any CPU = Debug|Any CPU
		Release|Any CPU = Release|Any CPU
	EndGlobalSection
	GlobalSection(ProjectConfigurationPlatforms) = postSolution
		{7EBAFB2D-5344-41CB-B921-78CC22FA6544}.Debug|Any CPU.ActiveCfg = Debug|Any CPU
		{7EBAFB2D-5344-41CB-B921-78CC22FA6544}.Debug|Any CPU.Build.0 = Debug|Any CPU
		{7EBAFB2D-5344-41CB-B921-78CC22FA6544}.Release|Any CPU.ActiveCfg = Release|Any CPU
		{7EBAFB2D-5344-41CB-B921-78CC22FA6544}.Release|Any CPU.Build.0 = Release|Any CPU
		{7CB2689A-9E7F-4481-B108-F2D772646A3A}.Debug|Any CPU.ActiveCfg = Debug|Any CPU
		{7CB2689A-9E7F-4481-B108-F2D772646A3A}.Debug|Any CPU.Build.0 = Debug|Any CPU
		{7CB2689A-9E7F-4481-B108-F2D772646A3A}.Release|Any CPU.ActiveCfg = Release|Any CPU
		{7CB2689A-9E7F-4481-B108-F2D772646A3A}.Release|Any CPU.Build.0 = Release|Any CPU
	EndGlobalSection
	GlobalSection(SolutionProperties) = preSolution
		HideSolutionNode = FALSE
	EndGlobalSection
	GlobalSection(ExtensibilityGlobals) = postSolution
		SolutionGuid = {F053F7F4-6B80-420A-839E-0789FD659732}
	EndGlobalSection
EndGlobal
