
Microsoft Visual Studio Solution File, Format Version 12.00
# Visual Studio 15
VisualStudioVersion = 15.0.28010.2036
MinimumVisualStudioVersion = 10.0.40219.1
Project("{FAE04EC0-301F-11D3-BF4B-00C04F79EFBC}") = "treeIntersection", "treeIntersection\treeIntersection.csproj", "{9219D8E1-EC48-4765-BD9B-55FFD0A81B73}"
EndProject
Project("{FAE04EC0-301F-11D3-BF4B-00C04F79EFBC}") = "TestTreeInteresection", "TestTreeInteresection\TestTreeInteresection.csproj", "{0EE6D240-B01A-4AC1-AF8A-9BFB559288C8}"
EndProject
Global
	GlobalSection(SolutionConfigurationPlatforms) = preSolution
		Debug|Any CPU = Debug|Any CPU
		Release|Any CPU = Release|Any CPU
	EndGlobalSection
	GlobalSection(ProjectConfigurationPlatforms) = postSolution
		{9219D8E1-EC48-4765-BD9B-55FFD0A81B73}.Debug|Any CPU.ActiveCfg = Debug|Any CPU
		{9219D8E1-EC48-4765-BD9B-55FFD0A81B73}.Debug|Any CPU.Build.0 = Debug|Any CPU
		{9219D8E1-EC48-4765-BD9B-55FFD0A81B73}.Release|Any CPU.ActiveCfg = Release|Any CPU
		{9219D8E1-EC48-4765-BD9B-55FFD0A81B73}.Release|Any CPU.Build.0 = Release|Any CPU
		{0EE6D240-B01A-4AC1-AF8A-9BFB559288C8}.Debug|Any CPU.ActiveCfg = Debug|Any CPU
		{0EE6D240-B01A-4AC1-AF8A-9BFB559288C8}.Debug|Any CPU.Build.0 = Debug|Any CPU
		{0EE6D240-B01A-4AC1-AF8A-9BFB559288C8}.Release|Any CPU.ActiveCfg = Release|Any CPU
		{0EE6D240-B01A-4AC1-AF8A-9BFB559288C8}.Release|Any CPU.Build.0 = Release|Any CPU
	EndGlobalSection
	GlobalSection(SolutionProperties) = preSolution
		HideSolutionNode = FALSE
	EndGlobalSection
	GlobalSection(ExtensibilityGlobals) = postSolution
		SolutionGuid = {81A39B41-A743-4B8F-874D-E415F36304CE}
	EndGlobalSection
EndGlobal
