
Microsoft Visual Studio Solution File, Format Version 12.00
# Visual Studio 15
VisualStudioVersion = 15.0.28010.2036
MinimumVisualStudioVersion = 10.0.40219.1
Project("{FAE04EC0-301F-11D3-BF4B-00C04F79EFBC}") = "ll_reverse", "ll_reverse\ll_reverse.csproj", "{95E1E3CE-481F-44ED-98D7-A6FEE73FD031}"
EndProject
Global
	GlobalSection(SolutionConfigurationPlatforms) = preSolution
		Debug|Any CPU = Debug|Any CPU
		Release|Any CPU = Release|Any CPU
	EndGlobalSection
	GlobalSection(ProjectConfigurationPlatforms) = postSolution
		{95E1E3CE-481F-44ED-98D7-A6FEE73FD031}.Debug|Any CPU.ActiveCfg = Debug|Any CPU
		{95E1E3CE-481F-44ED-98D7-A6FEE73FD031}.Debug|Any CPU.Build.0 = Debug|Any CPU
		{95E1E3CE-481F-44ED-98D7-A6FEE73FD031}.Release|Any CPU.ActiveCfg = Release|Any CPU
		{95E1E3CE-481F-44ED-98D7-A6FEE73FD031}.Release|Any CPU.Build.0 = Release|Any CPU
	EndGlobalSection
	GlobalSection(SolutionProperties) = preSolution
		HideSolutionNode = FALSE
	EndGlobalSection
	GlobalSection(ExtensibilityGlobals) = postSolution
		SolutionGuid = {4A941C6C-13DA-42CD-857E-6771B6F08260}
	EndGlobalSection
EndGlobal
