
Microsoft Visual Studio Solution File, Format Version 12.00
# Visual Studio 15
VisualStudioVersion = 15.0.28010.2036
MinimumVisualStudioVersion = 10.0.40219.1
Project("{FAE04EC0-301F-11D3-BF4B-00C04F79EFBC}") = "BinarySearch", "BinarySearch\BinarySearch.csproj", "{F0FD293A-A2C7-48B0-B433-34CFEFE1DCB0}"
EndProject
Project("{FAE04EC0-301F-11D3-BF4B-00C04F79EFBC}") = "BinarySearchTest", "BinarySearchTest\BinarySearchTest.csproj", "{35AB21C0-B0DF-40E8-9A13-87E162D9EA89}"
EndProject
Global
	GlobalSection(SolutionConfigurationPlatforms) = preSolution
		Debug|Any CPU = Debug|Any CPU
		Release|Any CPU = Release|Any CPU
	EndGlobalSection
	GlobalSection(ProjectConfigurationPlatforms) = postSolution
		{F0FD293A-A2C7-48B0-B433-34CFEFE1DCB0}.Debug|Any CPU.ActiveCfg = Debug|Any CPU
		{F0FD293A-A2C7-48B0-B433-34CFEFE1DCB0}.Debug|Any CPU.Build.0 = Debug|Any CPU
		{F0FD293A-A2C7-48B0-B433-34CFEFE1DCB0}.Release|Any CPU.ActiveCfg = Release|Any CPU
		{F0FD293A-A2C7-48B0-B433-34CFEFE1DCB0}.Release|Any CPU.Build.0 = Release|Any CPU
		{35AB21C0-B0DF-40E8-9A13-87E162D9EA89}.Debug|Any CPU.ActiveCfg = Debug|Any CPU
		{35AB21C0-B0DF-40E8-9A13-87E162D9EA89}.Debug|Any CPU.Build.0 = Debug|Any CPU
		{35AB21C0-B0DF-40E8-9A13-87E162D9EA89}.Release|Any CPU.ActiveCfg = Release|Any CPU
		{35AB21C0-B0DF-40E8-9A13-87E162D9EA89}.Release|Any CPU.Build.0 = Release|Any CPU
	EndGlobalSection
	GlobalSection(SolutionProperties) = preSolution
		HideSolutionNode = FALSE
	EndGlobalSection
	GlobalSection(ExtensibilityGlobals) = postSolution
		SolutionGuid = {2913DF43-906C-45D2-A204-88FDAC58ABCA}
	EndGlobalSection
EndGlobal
