
Microsoft Visual Studio Solution File, Format Version 12.00
# Visual Studio 15
VisualStudioVersion = 15.0.28010.2036
MinimumVisualStudioVersion = 10.0.40219.1
Project("{FAE04EC0-301F-11D3-BF4B-00C04F79EFBC}") = "arrayShift", "arrayShift\arrayShift.csproj", "{35A2BAE3-C1E4-4FB3-B54C-87D26AD99A97}"
EndProject
Global
	GlobalSection(SolutionConfigurationPlatforms) = preSolution
		Debug|Any CPU = Debug|Any CPU
		Release|Any CPU = Release|Any CPU
	EndGlobalSection
	GlobalSection(ProjectConfigurationPlatforms) = postSolution
		{35A2BAE3-C1E4-4FB3-B54C-87D26AD99A97}.Debug|Any CPU.ActiveCfg = Debug|Any CPU
		{35A2BAE3-C1E4-4FB3-B54C-87D26AD99A97}.Debug|Any CPU.Build.0 = Debug|Any CPU
		{35A2BAE3-C1E4-4FB3-B54C-87D26AD99A97}.Release|Any CPU.ActiveCfg = Release|Any CPU
		{35A2BAE3-C1E4-4FB3-B54C-87D26AD99A97}.Release|Any CPU.Build.0 = Release|Any CPU
	EndGlobalSection
	GlobalSection(SolutionProperties) = preSolution
		HideSolutionNode = FALSE
	EndGlobalSection
	GlobalSection(ExtensibilityGlobals) = postSolution
		SolutionGuid = {591BE0DC-6DA5-4372-B3F8-C5BA1D21F596}
	EndGlobalSection
EndGlobal
