
Microsoft Visual Studio Solution File, Format Version 12.00
# Visual Studio 15
VisualStudioVersion = 15.0.28010.2036
MinimumVisualStudioVersion = 10.0.40219.1
Project("{FAE04EC0-301F-11D3-BF4B-00C04F79EFBC}") = "graphs", "graphs\graphs.csproj", "{374336CA-0CEE-462C-83E9-D5B80803C893}"
EndProject
Project("{FAE04EC0-301F-11D3-BF4B-00C04F79EFBC}") = "TestGraph", "TestGraph\TestGraph.csproj", "{FBC6037D-9DBF-4209-B0A3-C5867FC73D38}"
EndProject
Global
	GlobalSection(SolutionConfigurationPlatforms) = preSolution
		Debug|Any CPU = Debug|Any CPU
		Release|Any CPU = Release|Any CPU
	EndGlobalSection
	GlobalSection(ProjectConfigurationPlatforms) = postSolution
		{374336CA-0CEE-462C-83E9-D5B80803C893}.Debug|Any CPU.ActiveCfg = Debug|Any CPU
		{374336CA-0CEE-462C-83E9-D5B80803C893}.Debug|Any CPU.Build.0 = Debug|Any CPU
		{374336CA-0CEE-462C-83E9-D5B80803C893}.Release|Any CPU.ActiveCfg = Release|Any CPU
		{374336CA-0CEE-462C-83E9-D5B80803C893}.Release|Any CPU.Build.0 = Release|Any CPU
		{FBC6037D-9DBF-4209-B0A3-C5867FC73D38}.Debug|Any CPU.ActiveCfg = Debug|Any CPU
		{FBC6037D-9DBF-4209-B0A3-C5867FC73D38}.Debug|Any CPU.Build.0 = Debug|Any CPU
		{FBC6037D-9DBF-4209-B0A3-C5867FC73D38}.Release|Any CPU.ActiveCfg = Release|Any CPU
		{FBC6037D-9DBF-4209-B0A3-C5867FC73D38}.Release|Any CPU.Build.0 = Release|Any CPU
	EndGlobalSection
	GlobalSection(SolutionProperties) = preSolution
		HideSolutionNode = FALSE
	EndGlobalSection
	GlobalSection(ExtensibilityGlobals) = postSolution
		SolutionGuid = {3CB90330-954D-4287-BDA8-1B7177C41780}
	EndGlobalSection
EndGlobal
