
Microsoft Visual Studio Solution File, Format Version 12.00
# Visual Studio 15
VisualStudioVersion = 15.0.28010.2036
MinimumVisualStudioVersion = 10.0.40219.1
Project("{FAE04EC0-301F-11D3-BF4B-00C04F79EFBC}") = "LinkedListMerge", "LinkedListMerge\LinkedListMerge.csproj", "{4C8D017C-ED81-42C6-B86A-9E6239A2EC7E}"
EndProject
Project("{FAE04EC0-301F-11D3-BF4B-00C04F79EFBC}") = "MergeTests", "MergeTests\MergeTests.csproj", "{713E5DC3-94DA-4F9A-858C-09E60D2F00DB}"
EndProject
Global
	GlobalSection(SolutionConfigurationPlatforms) = preSolution
		Debug|Any CPU = Debug|Any CPU
		Release|Any CPU = Release|Any CPU
	EndGlobalSection
	GlobalSection(ProjectConfigurationPlatforms) = postSolution
		{4C8D017C-ED81-42C6-B86A-9E6239A2EC7E}.Debug|Any CPU.ActiveCfg = Debug|Any CPU
		{4C8D017C-ED81-42C6-B86A-9E6239A2EC7E}.Debug|Any CPU.Build.0 = Debug|Any CPU
		{4C8D017C-ED81-42C6-B86A-9E6239A2EC7E}.Release|Any CPU.ActiveCfg = Release|Any CPU
		{4C8D017C-ED81-42C6-B86A-9E6239A2EC7E}.Release|Any CPU.Build.0 = Release|Any CPU
		{713E5DC3-94DA-4F9A-858C-09E60D2F00DB}.Debug|Any CPU.ActiveCfg = Debug|Any CPU
		{713E5DC3-94DA-4F9A-858C-09E60D2F00DB}.Debug|Any CPU.Build.0 = Debug|Any CPU
		{713E5DC3-94DA-4F9A-858C-09E60D2F00DB}.Release|Any CPU.ActiveCfg = Release|Any CPU
		{713E5DC3-94DA-4F9A-858C-09E60D2F00DB}.Release|Any CPU.Build.0 = Release|Any CPU
	EndGlobalSection
	GlobalSection(SolutionProperties) = preSolution
		HideSolutionNode = FALSE
	EndGlobalSection
	GlobalSection(ExtensibilityGlobals) = postSolution
		SolutionGuid = {142D6EEE-5726-42C5-B652-D31CCDDC451B}
	EndGlobalSection
EndGlobal
